
Microsoft Visual Studio Solution File, Format Version 12.00
# Visual Studio Version 17
VisualStudioVersion = 17.13.35617.110
MinimumVisualStudioVersion = 10.0.40219.1
Project("{FAE04EC0-301F-11D3-BF4B-00C04F79EFBC}") = "Brugsen.AabnSelv", "src\Brugsen.AabnSelv\Brugsen.AabnSelv.csproj", "{448E6D6B-89CA-4C76-970D-704BD915C6C6}"
EndProject
Project("{FAE04EC0-301F-11D3-BF4B-00C04F79EFBC}") = "Brugsen.AabnSelv.Tests", "test\Brugsen.AabnSelv.Tests\Brugsen.AabnSelv.Tests.csproj", "{77501969-2C51-438A-8665-4DEB28B32ABE}"
EndProject
Project("{FAE04EC0-301F-11D3-BF4B-00C04F79EFBC}") = "Akiles.ApiClient", "src\Akiles.ApiClient\Akiles.ApiClient.csproj", "{E27702E3-3BEE-2DA2-832B-9332D37C5248}"
EndProject
Project("{FAE04EC0-301F-11D3-BF4B-00C04F79EFBC}") = "Akiles.ApiClient.Tests", "test\Akiles.ApiClient.Tests\Akiles.ApiClient.Tests.csproj", "{27CAE645-1134-7910-8E92-2E03F5A56F5A}"
EndProject
Project("{FAE04EC0-301F-11D3-BF4B-00C04F79EFBC}") = "GatewayApi.ApiClient", "src\GatewayApi.ApiClient\GatewayApi.ApiClient.csproj", "{FE3C5A34-631C-1C26-5E51-AF92A8EB3204}"
EndProject
Project("{FAE04EC0-301F-11D3-BF4B-00C04F79EFBC}") = "GatewayApi.ApiClient.Tests", "test\GatewayApi.ApiClient.Tests\GatewayApi.ApiClient.Tests.csproj", "{9B2475F2-3E06-F805-D30E-54C824EAB472}"
EndProject
Global
	GlobalSection(SolutionConfigurationPlatforms) = preSolution
		Debug|Any CPU = Debug|Any CPU
		Release|Any CPU = Release|Any CPU
	EndGlobalSection
	GlobalSection(ProjectConfigurationPlatforms) = postSolution
		{448E6D6B-89CA-4C76-970D-704BD915C6C6}.Debug|Any CPU.ActiveCfg = Debug|Any CPU
		{448E6D6B-89CA-4C76-970D-704BD915C6C6}.Debug|Any CPU.Build.0 = Debug|Any CPU
		{448E6D6B-89CA-4C76-970D-704BD915C6C6}.Release|Any CPU.ActiveCfg = Release|Any CPU
		{448E6D6B-89CA-4C76-970D-704BD915C6C6}.Release|Any CPU.Build.0 = Release|Any CPU
		{77501969-2C51-438A-8665-4DEB28B32ABE}.Debug|Any CPU.ActiveCfg = Debug|Any CPU
		{77501969-2C51-438A-8665-4DEB28B32ABE}.Debug|Any CPU.Build.0 = Debug|Any CPU
		{77501969-2C51-438A-8665-4DEB28B32ABE}.Release|Any CPU.ActiveCfg = Release|Any CPU
		{77501969-2C51-438A-8665-4DEB28B32ABE}.Release|Any CPU.Build.0 = Release|Any CPU
		{E27702E3-3BEE-2DA2-832B-9332D37C5248}.Debug|Any CPU.ActiveCfg = Debug|Any CPU
		{E27702E3-3BEE-2DA2-832B-9332D37C5248}.Debug|Any CPU.Build.0 = Debug|Any CPU
		{E27702E3-3BEE-2DA2-832B-9332D37C5248}.Release|Any CPU.ActiveCfg = Release|Any CPU
		{E27702E3-3BEE-2DA2-832B-9332D37C5248}.Release|Any CPU.Build.0 = Release|Any CPU
		{27CAE645-1134-7910-8E92-2E03F5A56F5A}.Debug|Any CPU.ActiveCfg = Debug|Any CPU
		{27CAE645-1134-7910-8E92-2E03F5A56F5A}.Debug|Any CPU.Build.0 = Debug|Any CPU
		{27CAE645-1134-7910-8E92-2E03F5A56F5A}.Release|Any CPU.ActiveCfg = Release|Any CPU
		{27CAE645-1134-7910-8E92-2E03F5A56F5A}.Release|Any CPU.Build.0 = Release|Any CPU
		{FE3C5A34-631C-1C26-5E51-AF92A8EB3204}.Debug|Any CPU.ActiveCfg = Debug|Any CPU
		{FE3C5A34-631C-1C26-5E51-AF92A8EB3204}.Debug|Any CPU.Build.0 = Debug|Any CPU
		{FE3C5A34-631C-1C26-5E51-AF92A8EB3204}.Release|Any CPU.ActiveCfg = Release|Any CPU
		{FE3C5A34-631C-1C26-5E51-AF92A8EB3204}.Release|Any CPU.Build.0 = Release|Any CPU
		{9B2475F2-3E06-F805-D30E-54C824EAB472}.Debug|Any CPU.ActiveCfg = Debug|Any CPU
		{9B2475F2-3E06-F805-D30E-54C824EAB472}.Debug|Any CPU.Build.0 = Debug|Any CPU
		{9B2475F2-3E06-F805-D30E-54C824EAB472}.Release|Any CPU.ActiveCfg = Release|Any CPU
		{9B2475F2-3E06-F805-D30E-54C824EAB472}.Release|Any CPU.Build.0 = Release|Any CPU
	EndGlobalSection
	GlobalSection(SolutionProperties) = preSolution
		HideSolutionNode = FALSE
	EndGlobalSection
	GlobalSection(ExtensibilityGlobals) = postSolution
		SolutionGuid = {B00A8E2A-628A-4D13-A654-C1438A5F63CB}
	EndGlobalSection
EndGlobal
